
Microsoft Visual Studio Solution File, Format Version 12.00
# Visual Studio Version 16
VisualStudioVersion = 25.0.1705.4
MinimumVisualStudioVersion = 10.0.40219.1
Project("{FAE04EC0-301F-11D3-BF4B-00C04F79EFBC}") = "CodeBridgeApi", "CodeBridgeApi\CodeBridgeApi.csproj", "{3C5D7D63-1C6C-4A4B-B76F-B77EE63B3443}"
EndProject
Global
	GlobalSection(SolutionConfigurationPlatforms) = preSolution
		Debug|Any CPU = Debug|Any CPU
		Release|Any CPU = Release|Any CPU
	EndGlobalSection
	GlobalSection(ProjectConfigurationPlatforms) = postSolution
		{3C5D7D63-1C6C-4A4B-B76F-B77EE63B3443}.Debug|Any CPU.ActiveCfg = Debug|Any CPU
		{3C5D7D63-1C6C-4A4B-B76F-B77EE63B3443}.Debug|Any CPU.Build.0 = Debug|Any CPU
		{3C5D7D63-1C6C-4A4B-B76F-B77EE63B3443}.Release|Any CPU.ActiveCfg = Release|Any CPU
		{3C5D7D63-1C6C-4A4B-B76F-B77EE63B3443}.Release|Any CPU.Build.0 = Release|Any CPU
	EndGlobalSection
	GlobalSection(SolutionProperties) = preSolution
		HideSolutionNode = FALSE
	EndGlobalSection
	GlobalSection(ExtensibilityGlobals) = postSolution
		SolutionGuid = {354E5F74-9AD5-48EB-89BE-FD4901A077F9}
	EndGlobalSection
EndGlobal
